
Microsoft Visual Studio Solution File, Format Version 12.00
# Visual Studio Version 16
VisualStudioVersion = 16.0.29613.14
MinimumVisualStudioVersion = 10.0.40219.1
Project("{FAE04EC0-301F-11D3-BF4B-00C04F79EFBC}") = "visualizationTesting", "visualizationTesting.csproj", "{EEDD3DE0-B394-49F5-AF2B-B5C447F38ED1}"
EndProject
Global
	GlobalSection(SolutionConfigurationPlatforms) = preSolution
		Debug|Any CPU = Debug|Any CPU
		Release|Any CPU = Release|Any CPU
	EndGlobalSection
	GlobalSection(ProjectConfigurationPlatforms) = postSolution
		{EEDD3DE0-B394-49F5-AF2B-B5C447F38ED1}.Debug|Any CPU.ActiveCfg = Debug|Any CPU
		{EEDD3DE0-B394-49F5-AF2B-B5C447F38ED1}.Debug|Any CPU.Build.0 = Debug|Any CPU
		{EEDD3DE0-B394-49F5-AF2B-B5C447F38ED1}.Release|Any CPU.ActiveCfg = Release|Any CPU
		{EEDD3DE0-B394-49F5-AF2B-B5C447F38ED1}.Release|Any CPU.Build.0 = Release|Any CPU
	EndGlobalSection
	GlobalSection(SolutionProperties) = preSolution
		HideSolutionNode = FALSE
	EndGlobalSection
	GlobalSection(ExtensibilityGlobals) = postSolution
		SolutionGuid = {650E79FB-D303-4AE2-997D-7FC986D5D0D8}
	EndGlobalSection
EndGlobal
